
Microsoft Visual Studio Solution File, Format Version 12.00
# Visual Studio Version 17
VisualStudioVersion = 17.2.32526.322
MinimumVisualStudioVersion = 10.0.40219.1
Project("{FAE04EC0-301F-11D3-BF4B-00C04F79EFBC}") = "Aula-if-e-funcao", "Aula-if-e-funcao.csproj", "{FFC90DAA-FA58-4A62-8928-0F4E8AEDD2F7}"
EndProject
Global
	GlobalSection(SolutionConfigurationPlatforms) = preSolution
		Debug|Any CPU = Debug|Any CPU
		Release|Any CPU = Release|Any CPU
	EndGlobalSection
	GlobalSection(ProjectConfigurationPlatforms) = postSolution
		{FFC90DAA-FA58-4A62-8928-0F4E8AEDD2F7}.Debug|Any CPU.ActiveCfg = Debug|Any CPU
		{FFC90DAA-FA58-4A62-8928-0F4E8AEDD2F7}.Debug|Any CPU.Build.0 = Debug|Any CPU
		{FFC90DAA-FA58-4A62-8928-0F4E8AEDD2F7}.Release|Any CPU.ActiveCfg = Release|Any CPU
		{FFC90DAA-FA58-4A62-8928-0F4E8AEDD2F7}.Release|Any CPU.Build.0 = Release|Any CPU
	EndGlobalSection
	GlobalSection(SolutionProperties) = preSolution
		HideSolutionNode = FALSE
	EndGlobalSection
	GlobalSection(ExtensibilityGlobals) = postSolution
		SolutionGuid = {8E47FFAC-2FEF-4AAE-89BF-E218C267E663}
	EndGlobalSection
EndGlobal
